<?xml version="1.0" encoding="utf-8"?>
<Project ToolsVersion="4.0" xmlns="http://schemas.microsoft.com/developer/msbuild/2003">
  <ItemGroup>
    <Filter Include="Bee">
      <UniqueIdentifier>{11D9870B-7DE2-877C-065E-9E7C7266937C}</UniqueIdentifier>
    </Filter>
    <Filter Include="Bee\Events">
      <UniqueIdentifier>{D587EE36-C13F-3084-2A47-09E0161ECB74}</UniqueIdentifier>
    </Filter>
    <Filter Include="Bee\ImGui">
      <UniqueIdentifier>{FB16ED01-6781-A178-B0BF-521E1C697FCD}</UniqueIdentifier>
    </Filter>
    <Filter Include="Platform">
      <UniqueIdentifier>{2AC788B4-1694-E3BF-3FAD-D1672BD9184E}</UniqueIdentifier>
    </Filter>
    <Filter Include="Platform\OpenGL">
      <UniqueIdentifier>{1E7D2C1D-8A08-9AE1-9319-1DD6FF23F6E1}</UniqueIdentifier>
    </Filter>
    <Filter Include="Platform\Windows">
      <UniqueIdentifier>{64FBD71A-50F4-F66C-7926-DCF1657ED678}</UniqueIdentifier>
    </Filter>
  </ItemGroup>
  <ItemGroup>
    <ClInclude Include="src\Bee.h" />
    <ClInclude Include="src\Bee\Application.h">
      <Filter>Bee</Filter>
    </ClInclude>
    <ClInclude Include="src\Bee\Core.h">
      <Filter>Bee</Filter>
    </ClInclude>
    <ClInclude Include="src\Bee\EntryPoint.h">
      <Filter>Bee</Filter>
    </ClInclude>
    <ClInclude Include="src\Bee\Events\ApplicationEvent.h">
      <Filter>Bee\Events</Filter>
    </ClInclude>
    <ClInclude Include="src\Bee\Events\Event.h">
      <Filter>Bee\Events</Filter>
    </ClInclude>
    <ClInclude Include="src\Bee\Events\KeyEvent.h">
      <Filter>Bee\Events</Filter>
    </ClInclude>
    <ClInclude Include="src\Bee\Events\MouseEvent.h">
      <Filter>Bee\Events</Filter>
    </ClInclude>
    <ClInclude Include="src\Bee\ImGui\ImGuiLayer.h">
      <Filter>Bee\ImGui</Filter>
    </ClInclude>
    <ClInclude Include="src\Bee\Layer.h">
      <Filter>Bee</Filter>
    </ClInclude>
    <ClInclude Include="src\Bee\LayerStack.h">
      <Filter>Bee</Filter>
    </ClInclude>
    <ClInclude Include="src\Bee\Log.h">
      <Filter>Bee</Filter>
    </ClInclude>
    <ClInclude Include="src\Bee\Window.h">
      <Filter>Bee</Filter>
    </ClInclude>
    <ClInclude Include="src\Platform\OpenGL\ImGuiOpenGLRenderer.h">
      <Filter>Platform\OpenGL</Filter>
    </ClInclude>
    <ClInclude Include="src\Platform\Windows\WindowsWindow.h">
      <Filter>Platform\Windows</Filter>
    </ClInclude>
    <ClInclude Include="src\beepch.h" />
    <ClInclude Include="src\Bee\Input.h" />
    <ClInclude Include="src\Platform\Windows\WindowsInput.h" />
  </ItemGroup>
  <ItemGroup>
    <ClCompile Include="src\Bee\Application.cpp">
      <Filter>Bee</Filter>
    </ClCompile>
    <ClCompile Include="src\Bee\ImGui\ImGuiLayer.cpp">
      <Filter>Bee\ImGui</Filter>
    </ClCompile>
    <ClCompile Include="src\Bee\Layer.cpp">
      <Filter>Bee</Filter>
    </ClCompile>
    <ClCompile Include="src\Bee\LayerStack.cpp">
      <Filter>Bee</Filter>
    </ClCompile>
    <ClCompile Include="src\Bee\Log.cpp">
      <Filter>Bee</Filter>
    </ClCompile>
    <ClCompile Include="src\Platform\OpenGL\ImGuiOpenGLRenderer.cpp">
      <Filter>Platform\OpenGL</Filter>
    </ClCompile>
    <ClCompile Include="src\Platform\Windows\WindowsWindow.cpp">
      <Filter>Platform\Windows</Filter>
    </ClCompile>
    <ClCompile Include="src\beepch.cpp" />
    <ClCompile Include="src\Platform\Windows\WindowsInput.cpp" />
  </ItemGroup>
</Project>